
Microsoft Visual Studio Solution File, Format Version 12.00
# Visual Studio 15
VisualStudioVersion = 15.0.27130.2027
MinimumVisualStudioVersion = 10.0.40219.1
Project("{9A19103F-16F7-4668-BE54-9A1E7A4F7556}") = "Shriek.CMS.Domain", "src\Shriek.CMS.Domain\Shriek.CMS.Domain.csproj", "{F324669F-61BF-4B4A-9316-91803DC59D3F}"
EndProject
Project("{9A19103F-16F7-4668-BE54-9A1E7A4F7556}") = "Shriek.CMS.Commands", "src\Shriek.CMS.Commands\Shriek.CMS.Commands.csproj", "{80C8A60C-671B-4911-B074-4E421186E6B5}"
EndProject
Project("{9A19103F-16F7-4668-BE54-9A1E7A4F7556}") = "Shriek.CMS.CommandHandlers", "src\Shriek.CMS.CommandHandlers\Shriek.CMS.CommandHandlers.csproj", "{93BB452A-D583-49B2-B928-19A27CB52B6C}"
EndProject
Project("{9A19103F-16F7-4668-BE54-9A1E7A4F7556}") = "Shriek.CMS.EventHandlers", "src\Shriek.CMS.EventHandlers\Shriek.CMS.EventHandlers.csproj", "{7FB4A24C-2E68-4DB5-8C87-CCBF324D86A4}"
EndProject
Project("{2150E333-8FDC-42A3-9474-1A3956D46DE8}") = "src", "src", "{774B4E19-F4D0-4918-9E2D-F32BFB6427B9}"
EndProject
Project("{2150E333-8FDC-42A3-9474-1A3956D46DE8}") = "Solution Items", "Solution Items", "{0DEED456-4A7B-4A9B-9B44-4B57BC756A95}"
	ProjectSection(SolutionItems) = preProject
		.editorconfig = .editorconfig
		NuGet.config = NuGet.config
		README.md = README.md
	EndProjectSection
EndProject
Project("{9A19103F-16F7-4668-BE54-9A1E7A4F7556}") = "Shriek.CMS.Application", "src\Shriek.CMS.Application\Shriek.CMS.Application.csproj", "{4E43E5D5-AD61-4DDE-90C5-5A9343287A3C}"
EndProject
Project("{9A19103F-16F7-4668-BE54-9A1E7A4F7556}") = "Shriek.CMS.Application.Services", "src\Shriek.CMS.Application.Services\Shriek.CMS.Application.Services.csproj", "{A9D3A4B7-A258-46FB-9931-A95C187485EC}"
EndProject
Project("{9A19103F-16F7-4668-BE54-9A1E7A4F7556}") = "Shriek.CMS.QueryServices", "src\Shriek.CMS.QueryServices\Shriek.CMS.QueryServices.csproj", "{2C057406-7BBD-4CB3-A771-80D99CAB0274}"
EndProject
Project("{9A19103F-16F7-4668-BE54-9A1E7A4F7556}") = "Shriek.CMS.QueryServices.Abstracts", "src\Shriek.CMS.QueryServices.Abstracts\Shriek.CMS.QueryServices.Abstracts.csproj", "{626E357F-A5AC-4485-8595-A65421463FFF}"
EndProject
Project("{9A19103F-16F7-4668-BE54-9A1E7A4F7556}") = "Shriek.CMS.Repositories", "src\Shriek.CMS.Repositories\Shriek.CMS.Repositories.csproj", "{36BC2377-0706-4A5D-BDFD-22FD8B214B85}"
EndProject
Project("{9A19103F-16F7-4668-BE54-9A1E7A4F7556}") = "Shriek.CMS.UI.Web", "src\Shriek.CMS.UI.Web\Shriek.CMS.UI.Web.csproj", "{9266671A-4970-438E-BF40-2F99B64D7B53}"
EndProject
Project("{9A19103F-16F7-4668-BE54-9A1E7A4F7556}") = "Shriek.CMS.UI.Admin", "src\Shriek.CMS.UI.Admin\Shriek.CMS.UI.Admin.csproj", "{DF11AC6B-400F-4811-88FA-3855C8408DD0}"
EndProject
Project("{E53339B2-1760-4266-BCC7-CA923CBCF16C}") = "docker-compose", "docker-compose.dcproj", "{29E77F8B-8D20-46A0-888D-F58B3D72B8AA}"
EndProject
Global
	GlobalSection(SolutionConfigurationPlatforms) = preSolution
		Debug|Any CPU = Debug|Any CPU
		Release|Any CPU = Release|Any CPU
	EndGlobalSection
	GlobalSection(ProjectConfigurationPlatforms) = postSolution
		{F324669F-61BF-4B4A-9316-91803DC59D3F}.Debug|Any CPU.ActiveCfg = Debug|Any CPU
		{F324669F-61BF-4B4A-9316-91803DC59D3F}.Debug|Any CPU.Build.0 = Debug|Any CPU
		{F324669F-61BF-4B4A-9316-91803DC59D3F}.Release|Any CPU.ActiveCfg = Release|Any CPU
		{F324669F-61BF-4B4A-9316-91803DC59D3F}.Release|Any CPU.Build.0 = Release|Any CPU
		{80C8A60C-671B-4911-B074-4E421186E6B5}.Debug|Any CPU.ActiveCfg = Debug|Any CPU
		{80C8A60C-671B-4911-B074-4E421186E6B5}.Debug|Any CPU.Build.0 = Debug|Any CPU
		{80C8A60C-671B-4911-B074-4E421186E6B5}.Release|Any CPU.ActiveCfg = Release|Any CPU
		{80C8A60C-671B-4911-B074-4E421186E6B5}.Release|Any CPU.Build.0 = Release|Any CPU
		{93BB452A-D583-49B2-B928-19A27CB52B6C}.Debug|Any CPU.ActiveCfg = Debug|Any CPU
		{93BB452A-D583-49B2-B928-19A27CB52B6C}.Debug|Any CPU.Build.0 = Debug|Any CPU
		{93BB452A-D583-49B2-B928-19A27CB52B6C}.Release|Any CPU.ActiveCfg = Release|Any CPU
		{93BB452A-D583-49B2-B928-19A27CB52B6C}.Release|Any CPU.Build.0 = Release|Any CPU
		{7FB4A24C-2E68-4DB5-8C87-CCBF324D86A4}.Debug|Any CPU.ActiveCfg = Debug|Any CPU
		{7FB4A24C-2E68-4DB5-8C87-CCBF324D86A4}.Debug|Any CPU.Build.0 = Debug|Any CPU
		{7FB4A24C-2E68-4DB5-8C87-CCBF324D86A4}.Release|Any CPU.ActiveCfg = Release|Any CPU
		{7FB4A24C-2E68-4DB5-8C87-CCBF324D86A4}.Release|Any CPU.Build.0 = Release|Any CPU
		{4E43E5D5-AD61-4DDE-90C5-5A9343287A3C}.Debug|Any CPU.ActiveCfg = Debug|Any CPU
		{4E43E5D5-AD61-4DDE-90C5-5A9343287A3C}.Debug|Any CPU.Build.0 = Debug|Any CPU
		{4E43E5D5-AD61-4DDE-90C5-5A9343287A3C}.Release|Any CPU.ActiveCfg = Release|Any CPU
		{4E43E5D5-AD61-4DDE-90C5-5A9343287A3C}.Release|Any CPU.Build.0 = Release|Any CPU
		{A9D3A4B7-A258-46FB-9931-A95C187485EC}.Debug|Any CPU.ActiveCfg = Debug|Any CPU
		{A9D3A4B7-A258-46FB-9931-A95C187485EC}.Debug|Any CPU.Build.0 = Debug|Any CPU
		{A9D3A4B7-A258-46FB-9931-A95C187485EC}.Release|Any CPU.ActiveCfg = Release|Any CPU
		{A9D3A4B7-A258-46FB-9931-A95C187485EC}.Release|Any CPU.Build.0 = Release|Any CPU
		{2C057406-7BBD-4CB3-A771-80D99CAB0274}.Debug|Any CPU.ActiveCfg = Debug|Any CPU
		{2C057406-7BBD-4CB3-A771-80D99CAB0274}.Debug|Any CPU.Build.0 = Debug|Any CPU
		{2C057406-7BBD-4CB3-A771-80D99CAB0274}.Release|Any CPU.ActiveCfg = Release|Any CPU
		{2C057406-7BBD-4CB3-A771-80D99CAB0274}.Release|Any CPU.Build.0 = Release|Any CPU
		{626E357F-A5AC-4485-8595-A65421463FFF}.Debug|Any CPU.ActiveCfg = Debug|Any CPU
		{626E357F-A5AC-4485-8595-A65421463FFF}.Debug|Any CPU.Build.0 = Debug|Any CPU
		{626E357F-A5AC-4485-8595-A65421463FFF}.Release|Any CPU.ActiveCfg = Release|Any CPU
		{626E357F-A5AC-4485-8595-A65421463FFF}.Release|Any CPU.Build.0 = Release|Any CPU
		{36BC2377-0706-4A5D-BDFD-22FD8B214B85}.Debug|Any CPU.ActiveCfg = Debug|Any CPU
		{36BC2377-0706-4A5D-BDFD-22FD8B214B85}.Debug|Any CPU.Build.0 = Debug|Any CPU
		{36BC2377-0706-4A5D-BDFD-22FD8B214B85}.Release|Any CPU.ActiveCfg = Release|Any CPU
		{36BC2377-0706-4A5D-BDFD-22FD8B214B85}.Release|Any CPU.Build.0 = Release|Any CPU
		{9266671A-4970-438E-BF40-2F99B64D7B53}.Debug|Any CPU.ActiveCfg = Debug|Any CPU
		{9266671A-4970-438E-BF40-2F99B64D7B53}.Debug|Any CPU.Build.0 = Debug|Any CPU
		{9266671A-4970-438E-BF40-2F99B64D7B53}.Release|Any CPU.ActiveCfg = Release|Any CPU
		{9266671A-4970-438E-BF40-2F99B64D7B53}.Release|Any CPU.Build.0 = Release|Any CPU
		{DF11AC6B-400F-4811-88FA-3855C8408DD0}.Debug|Any CPU.ActiveCfg = Debug|Any CPU
		{DF11AC6B-400F-4811-88FA-3855C8408DD0}.Debug|Any CPU.Build.0 = Debug|Any CPU
		{DF11AC6B-400F-4811-88FA-3855C8408DD0}.Release|Any CPU.ActiveCfg = Release|Any CPU
		{DF11AC6B-400F-4811-88FA-3855C8408DD0}.Release|Any CPU.Build.0 = Release|Any CPU
		{29E77F8B-8D20-46A0-888D-F58B3D72B8AA}.Debug|Any CPU.ActiveCfg = Debug|Any CPU
		{29E77F8B-8D20-46A0-888D-F58B3D72B8AA}.Debug|Any CPU.Build.0 = Debug|Any CPU
		{29E77F8B-8D20-46A0-888D-F58B3D72B8AA}.Release|Any CPU.ActiveCfg = Release|Any CPU
		{29E77F8B-8D20-46A0-888D-F58B3D72B8AA}.Release|Any CPU.Build.0 = Release|Any CPU
	EndGlobalSection
	GlobalSection(SolutionProperties) = preSolution
		HideSolutionNode = FALSE
	EndGlobalSection
	GlobalSection(NestedProjects) = preSolution
		{F324669F-61BF-4B4A-9316-91803DC59D3F} = {774B4E19-F4D0-4918-9E2D-F32BFB6427B9}
		{80C8A60C-671B-4911-B074-4E421186E6B5} = {774B4E19-F4D0-4918-9E2D-F32BFB6427B9}
		{93BB452A-D583-49B2-B928-19A27CB52B6C} = {774B4E19-F4D0-4918-9E2D-F32BFB6427B9}
		{7FB4A24C-2E68-4DB5-8C87-CCBF324D86A4} = {774B4E19-F4D0-4918-9E2D-F32BFB6427B9}
		{4E43E5D5-AD61-4DDE-90C5-5A9343287A3C} = {774B4E19-F4D0-4918-9E2D-F32BFB6427B9}
		{A9D3A4B7-A258-46FB-9931-A95C187485EC} = {774B4E19-F4D0-4918-9E2D-F32BFB6427B9}
		{2C057406-7BBD-4CB3-A771-80D99CAB0274} = {774B4E19-F4D0-4918-9E2D-F32BFB6427B9}
		{626E357F-A5AC-4485-8595-A65421463FFF} = {774B4E19-F4D0-4918-9E2D-F32BFB6427B9}
		{36BC2377-0706-4A5D-BDFD-22FD8B214B85} = {774B4E19-F4D0-4918-9E2D-F32BFB6427B9}
		{9266671A-4970-438E-BF40-2F99B64D7B53} = {774B4E19-F4D0-4918-9E2D-F32BFB6427B9}
		{DF11AC6B-400F-4811-88FA-3855C8408DD0} = {774B4E19-F4D0-4918-9E2D-F32BFB6427B9}
	EndGlobalSection
	GlobalSection(ExtensibilityGlobals) = postSolution
		SolutionGuid = {B7FA085E-92FB-4919-938D-A38729FC1659}
	EndGlobalSection
EndGlobal
