
Microsoft Visual Studio Solution File, Format Version 12.00
# Visual Studio 15
VisualStudioVersion = 15.0.27130.2027
MinimumVisualStudioVersion = 10.0.40219.1
Project("{2150E333-8FDC-42A3-9474-1A3956D46DE8}") = "0 - domain", "0 - domain", "{F98F3329-B29C-4856-848F-3D6F09AAA38E}"
EndProject
Project("{9A19103F-16F7-4668-BE54-9A1E7A4F7556}") = "Shriek.CMS.Query", "src\Shriek.CMS.Query\Shriek.CMS.Query.csproj", "{0DB638EE-3A7B-45A2-98DD-8D7D1131FA04}"
EndProject
Project("{2150E333-8FDC-42A3-9474-1A3956D46DE8}") = "3- forntend", "3- forntend", "{72A8F482-A83C-473E-97C5-C16CC697C3B8}"
EndProject
Project("{9A19103F-16F7-4668-BE54-9A1E7A4F7556}") = "Shriek.CMS.Admin", "src\Shriek.CMS.Admin\Shriek.CMS.Admin.csproj", "{B9CFC90C-D6BB-40A9-A2EA-38FF8FB82AA5}"
EndProject
Project("{9A19103F-16F7-4668-BE54-9A1E7A4F7556}") = "Shriek.CMS.Domain", "src\Shriek.CMS.Domain\Shriek.CMS.Domain.csproj", "{F324669F-61BF-4B4A-9316-91803DC59D3F}"
EndProject
Project("{9A19103F-16F7-4668-BE54-9A1E7A4F7556}") = "Shriek.CMS.Web", "src\Shriek.CMS.Web\Shriek.CMS.Web.csproj", "{ED48966A-1345-4A37-88D2-0BCCF4C8948E}"
EndProject
Project("{2150E333-8FDC-42A3-9474-1A3956D46DE8}") = "1- application", "1- application", "{F2D1A389-01DA-436F-B77B-56E4DC4562AB}"
EndProject
Project("{2150E333-8FDC-42A3-9474-1A3956D46DE8}") = "2 - infrastructure", "2 - infrastructure", "{A049CE2D-6C3E-4C8D-AEA5-D202025DAC49}"
EndProject
Project("{9A19103F-16F7-4668-BE54-9A1E7A4F7556}") = "Shriek.CMS.Commands", "src\Shriek.CMS.Commands\Shriek.CMS.Commands.csproj", "{80C8A60C-671B-4911-B074-4E421186E6B5}"
EndProject
Project("{9A19103F-16F7-4668-BE54-9A1E7A4F7556}") = "Shriek.CMS.CommandHandlers", "src\Shriek.CMS.CommandHandlers\Shriek.CMS.CommandHandlers.csproj", "{93BB452A-D583-49B2-B928-19A27CB52B6C}"
EndProject
Project("{9A19103F-16F7-4668-BE54-9A1E7A4F7556}") = "Shriek.CMS.DomainRepository", "src\Shriek.CMS.DomainRepository\Shriek.CMS.DomainRepository.csproj", "{FF91F5E3-9FDF-4596-B8C8-63F988BA38AC}"
EndProject
Project("{9A19103F-16F7-4668-BE54-9A1E7A4F7556}") = "Shriek.CMS.EventHandlers", "src\Shriek.CMS.EventHandlers\Shriek.CMS.EventHandlers.csproj", "{7FB4A24C-2E68-4DB5-8C87-CCBF324D86A4}"
EndProject
Project("{9A19103F-16F7-4668-BE54-9A1E7A4F7556}") = "Shriek.CMS.QueryRepository", "src\Shriek.CMS.QueryRepository\Shriek.CMS.QueryRepository.csproj", "{9B28C49B-2B3F-4E4D-BDDF-8A5348ACE620}"
EndProject
Project("{9A19103F-16F7-4668-BE54-9A1E7A4F7556}") = "Shriek.CMS.Services", "src\Shriek.CMS.Services\Shriek.CMS.Services.csproj", "{F90C287F-7E1A-407D-A577-D6F98B3424EF}"
EndProject
Project("{9A19103F-16F7-4668-BE54-9A1E7A4F7556}") = "Shriek.CMS.Contracts", "src\Shriek.CMS.Contracts\Shriek.CMS.Contracts.csproj", "{ECF654B5-35C8-49EC-9D0B-A4E26B4F11FF}"
EndProject
Project("{E53339B2-1760-4266-BCC7-CA923CBCF16C}") = "docker-compose", "docker-compose.dcproj", "{CF457E2D-BB0E-4C2B-A255-827CDC159079}"
EndProject
Global
	GlobalSection(SolutionConfigurationPlatforms) = preSolution
		Debug|Any CPU = Debug|Any CPU
		Release|Any CPU = Release|Any CPU
	EndGlobalSection
	GlobalSection(ProjectConfigurationPlatforms) = postSolution
		{0DB638EE-3A7B-45A2-98DD-8D7D1131FA04}.Debug|Any CPU.ActiveCfg = Debug|Any CPU
		{0DB638EE-3A7B-45A2-98DD-8D7D1131FA04}.Debug|Any CPU.Build.0 = Debug|Any CPU
		{0DB638EE-3A7B-45A2-98DD-8D7D1131FA04}.Release|Any CPU.ActiveCfg = Release|Any CPU
		{0DB638EE-3A7B-45A2-98DD-8D7D1131FA04}.Release|Any CPU.Build.0 = Release|Any CPU
		{B9CFC90C-D6BB-40A9-A2EA-38FF8FB82AA5}.Debug|Any CPU.ActiveCfg = Debug|Any CPU
		{B9CFC90C-D6BB-40A9-A2EA-38FF8FB82AA5}.Debug|Any CPU.Build.0 = Debug|Any CPU
		{B9CFC90C-D6BB-40A9-A2EA-38FF8FB82AA5}.Release|Any CPU.ActiveCfg = Release|Any CPU
		{B9CFC90C-D6BB-40A9-A2EA-38FF8FB82AA5}.Release|Any CPU.Build.0 = Release|Any CPU
		{F324669F-61BF-4B4A-9316-91803DC59D3F}.Debug|Any CPU.ActiveCfg = Debug|Any CPU
		{F324669F-61BF-4B4A-9316-91803DC59D3F}.Debug|Any CPU.Build.0 = Debug|Any CPU
		{F324669F-61BF-4B4A-9316-91803DC59D3F}.Release|Any CPU.ActiveCfg = Release|Any CPU
		{F324669F-61BF-4B4A-9316-91803DC59D3F}.Release|Any CPU.Build.0 = Release|Any CPU
		{ED48966A-1345-4A37-88D2-0BCCF4C8948E}.Debug|Any CPU.ActiveCfg = Debug|Any CPU
		{ED48966A-1345-4A37-88D2-0BCCF4C8948E}.Debug|Any CPU.Build.0 = Debug|Any CPU
		{ED48966A-1345-4A37-88D2-0BCCF4C8948E}.Release|Any CPU.ActiveCfg = Release|Any CPU
		{ED48966A-1345-4A37-88D2-0BCCF4C8948E}.Release|Any CPU.Build.0 = Release|Any CPU
		{80C8A60C-671B-4911-B074-4E421186E6B5}.Debug|Any CPU.ActiveCfg = Debug|Any CPU
		{80C8A60C-671B-4911-B074-4E421186E6B5}.Debug|Any CPU.Build.0 = Debug|Any CPU
		{80C8A60C-671B-4911-B074-4E421186E6B5}.Release|Any CPU.ActiveCfg = Release|Any CPU
		{80C8A60C-671B-4911-B074-4E421186E6B5}.Release|Any CPU.Build.0 = Release|Any CPU
		{93BB452A-D583-49B2-B928-19A27CB52B6C}.Debug|Any CPU.ActiveCfg = Debug|Any CPU
		{93BB452A-D583-49B2-B928-19A27CB52B6C}.Debug|Any CPU.Build.0 = Debug|Any CPU
		{93BB452A-D583-49B2-B928-19A27CB52B6C}.Release|Any CPU.ActiveCfg = Release|Any CPU
		{93BB452A-D583-49B2-B928-19A27CB52B6C}.Release|Any CPU.Build.0 = Release|Any CPU
		{FF91F5E3-9FDF-4596-B8C8-63F988BA38AC}.Debug|Any CPU.ActiveCfg = Debug|Any CPU
		{FF91F5E3-9FDF-4596-B8C8-63F988BA38AC}.Debug|Any CPU.Build.0 = Debug|Any CPU
		{FF91F5E3-9FDF-4596-B8C8-63F988BA38AC}.Release|Any CPU.ActiveCfg = Release|Any CPU
		{FF91F5E3-9FDF-4596-B8C8-63F988BA38AC}.Release|Any CPU.Build.0 = Release|Any CPU
		{7FB4A24C-2E68-4DB5-8C87-CCBF324D86A4}.Debug|Any CPU.ActiveCfg = Debug|Any CPU
		{7FB4A24C-2E68-4DB5-8C87-CCBF324D86A4}.Debug|Any CPU.Build.0 = Debug|Any CPU
		{7FB4A24C-2E68-4DB5-8C87-CCBF324D86A4}.Release|Any CPU.ActiveCfg = Release|Any CPU
		{7FB4A24C-2E68-4DB5-8C87-CCBF324D86A4}.Release|Any CPU.Build.0 = Release|Any CPU
		{9B28C49B-2B3F-4E4D-BDDF-8A5348ACE620}.Debug|Any CPU.ActiveCfg = Debug|Any CPU
		{9B28C49B-2B3F-4E4D-BDDF-8A5348ACE620}.Debug|Any CPU.Build.0 = Debug|Any CPU
		{9B28C49B-2B3F-4E4D-BDDF-8A5348ACE620}.Release|Any CPU.ActiveCfg = Release|Any CPU
		{9B28C49B-2B3F-4E4D-BDDF-8A5348ACE620}.Release|Any CPU.Build.0 = Release|Any CPU
		{F90C287F-7E1A-407D-A577-D6F98B3424EF}.Debug|Any CPU.ActiveCfg = Debug|Any CPU
		{F90C287F-7E1A-407D-A577-D6F98B3424EF}.Debug|Any CPU.Build.0 = Debug|Any CPU
		{F90C287F-7E1A-407D-A577-D6F98B3424EF}.Release|Any CPU.ActiveCfg = Release|Any CPU
		{F90C287F-7E1A-407D-A577-D6F98B3424EF}.Release|Any CPU.Build.0 = Release|Any CPU
		{ECF654B5-35C8-49EC-9D0B-A4E26B4F11FF}.Debug|Any CPU.ActiveCfg = Debug|Any CPU
		{ECF654B5-35C8-49EC-9D0B-A4E26B4F11FF}.Debug|Any CPU.Build.0 = Debug|Any CPU
		{ECF654B5-35C8-49EC-9D0B-A4E26B4F11FF}.Release|Any CPU.ActiveCfg = Release|Any CPU
		{ECF654B5-35C8-49EC-9D0B-A4E26B4F11FF}.Release|Any CPU.Build.0 = Release|Any CPU
		{CF457E2D-BB0E-4C2B-A255-827CDC159079}.Debug|Any CPU.ActiveCfg = Debug|Any CPU
		{CF457E2D-BB0E-4C2B-A255-827CDC159079}.Debug|Any CPU.Build.0 = Debug|Any CPU
		{CF457E2D-BB0E-4C2B-A255-827CDC159079}.Release|Any CPU.ActiveCfg = Release|Any CPU
		{CF457E2D-BB0E-4C2B-A255-827CDC159079}.Release|Any CPU.Build.0 = Release|Any CPU
	EndGlobalSection
	GlobalSection(SolutionProperties) = preSolution
		HideSolutionNode = FALSE
	EndGlobalSection
	GlobalSection(NestedProjects) = preSolution
		{0DB638EE-3A7B-45A2-98DD-8D7D1131FA04} = {F2D1A389-01DA-436F-B77B-56E4DC4562AB}
		{B9CFC90C-D6BB-40A9-A2EA-38FF8FB82AA5} = {72A8F482-A83C-473E-97C5-C16CC697C3B8}
		{F324669F-61BF-4B4A-9316-91803DC59D3F} = {F98F3329-B29C-4856-848F-3D6F09AAA38E}
		{ED48966A-1345-4A37-88D2-0BCCF4C8948E} = {72A8F482-A83C-473E-97C5-C16CC697C3B8}
		{80C8A60C-671B-4911-B074-4E421186E6B5} = {F2D1A389-01DA-436F-B77B-56E4DC4562AB}
		{93BB452A-D583-49B2-B928-19A27CB52B6C} = {F2D1A389-01DA-436F-B77B-56E4DC4562AB}
		{FF91F5E3-9FDF-4596-B8C8-63F988BA38AC} = {F98F3329-B29C-4856-848F-3D6F09AAA38E}
		{7FB4A24C-2E68-4DB5-8C87-CCBF324D86A4} = {F98F3329-B29C-4856-848F-3D6F09AAA38E}
		{9B28C49B-2B3F-4E4D-BDDF-8A5348ACE620} = {F2D1A389-01DA-436F-B77B-56E4DC4562AB}
		{F90C287F-7E1A-407D-A577-D6F98B3424EF} = {F2D1A389-01DA-436F-B77B-56E4DC4562AB}
		{ECF654B5-35C8-49EC-9D0B-A4E26B4F11FF} = {F2D1A389-01DA-436F-B77B-56E4DC4562AB}
	EndGlobalSection
	GlobalSection(ExtensibilityGlobals) = postSolution
		SolutionGuid = {B7FA085E-92FB-4919-938D-A38729FC1659}
	EndGlobalSection
EndGlobal
